
Microsoft Visual Studio Solution File, Format Version 12.00
# Visual Studio Version 17
VisualStudioVersion = 17.1.32328.378
MinimumVisualStudioVersion = 10.0.40219.1
Project("{9A19103F-16F7-4668-BE54-9A1E7A4F7556}") = "GigeVision.Core", "GigeVision.Core\GigeVision.Core.csproj", "{9B36820D-781A-47FA-AEDB-20AC7433225D}"
EndProject
Project("{2150E333-8FDC-42A3-9474-1A3956D46DE8}") = "Test", "Test", "{0307491D-B8FC-42AE-8EAB-69D2C072973B}"
EndProject
Project("{2150E333-8FDC-42A3-9474-1A3956D46DE8}") = "Library", "Library", "{B120F0DB-D7D6-4ABA-845B-32117EB4B1B2}"
EndProject
Project("{9A19103F-16F7-4668-BE54-9A1E7A4F7556}") = "DeviceControl.Wpf", "DeviceControl.Wpf\DeviceControl.Wpf.csproj", "{6EBD3983-8BB0-4FD4-B1EC-04335D7AE962}"
EndProject
Project("{9A19103F-16F7-4668-BE54-9A1E7A4F7556}") = "GenICam", "GenICam\GenICam.csproj", "{329D0921-AC4C-430D-92CD-B387AE869764}"
EndProject
Project("{9A19103F-16F7-4668-BE54-9A1E7A4F7556}") = "GigeVisionLibrary.Test.Wpf", "GigeVisionLibrary.Test.Wpf\GigeVisionLibrary.Test.Wpf.csproj", "{928BED3F-4E80-4973-98CF-A593F708CB0B}"
EndProject
Project("{9A19103F-16F7-4668-BE54-9A1E7A4F7556}") = "GenICam.Tests", "GenICam.Tests\GenICam.Tests.csproj", "{76194E2F-D17E-42F6-8EF0-E084C408A022}"
EndProject
Project("{2150E333-8FDC-42A3-9474-1A3956D46DE8}") = "Docs", "Docs", "{5804CC7A-04CB-4BB5-A23B-C8A59D9B1638}"
	ProjectSection(SolutionItems) = preProject
		README.md = README.md
	EndProjectSection
EndProject
Project("{9A19103F-16F7-4668-BE54-9A1E7A4F7556}") = "GigeVisionLibrary.Test.Console", "GigeVisionLibrary.Test.Console\GigeVisionLibrary.Test.Console.csproj", "{9D658ABE-E015-4F3F-87F8-F290B12A2E1A}"
EndProject
Project("{9A19103F-16F7-4668-BE54-9A1E7A4F7556}") = "DeviceControl.Test.Wpf", "DeviceControl.Test.Wpf\DeviceControl.Test.Wpf.csproj", "{11AF7AA5-6522-4952-A002-C464FA21384B}"
EndProject
Project("{FAE04EC0-301F-11D3-BF4B-00C04F79EFBC}") = "CameraStreamReceiver", "CameraStreamReceiver\CameraStreamReceiver.csproj", "{5C799A2A-1F8C-4531-9F2C-9288662B6705}"
EndProject
Global
	GlobalSection(SolutionConfigurationPlatforms) = preSolution
		Debug|Any CPU = Debug|Any CPU
		Debug|x64 = Debug|x64
		Debug|x86 = Debug|x86
		PublishLocally|Any CPU = PublishLocally|Any CPU
		PublishLocally|x64 = PublishLocally|x64
		PublishLocally|x86 = PublishLocally|x86
		Release|Any CPU = Release|Any CPU
		Release|x64 = Release|x64
		Release|x86 = Release|x86
	EndGlobalSection
	GlobalSection(ProjectConfigurationPlatforms) = postSolution
		{9B36820D-781A-47FA-AEDB-20AC7433225D}.Debug|Any CPU.ActiveCfg = Debug|x64
		{9B36820D-781A-47FA-AEDB-20AC7433225D}.Debug|Any CPU.Build.0 = Debug|x64
		{9B36820D-781A-47FA-AEDB-20AC7433225D}.Debug|x64.ActiveCfg = Debug|x64
		{9B36820D-781A-47FA-AEDB-20AC7433225D}.Debug|x64.Build.0 = Debug|x64
		{9B36820D-781A-47FA-AEDB-20AC7433225D}.Debug|x86.ActiveCfg = Debug|Any CPU
		{9B36820D-781A-47FA-AEDB-20AC7433225D}.Debug|x86.Build.0 = Debug|Any CPU
		{9B36820D-781A-47FA-AEDB-20AC7433225D}.PublishLocally|Any CPU.ActiveCfg = PublishLocally|Any CPU
		{9B36820D-781A-47FA-AEDB-20AC7433225D}.PublishLocally|Any CPU.Build.0 = PublishLocally|Any CPU
		{9B36820D-781A-47FA-AEDB-20AC7433225D}.PublishLocally|x64.ActiveCfg = PublishLocally|x64
		{9B36820D-781A-47FA-AEDB-20AC7433225D}.PublishLocally|x64.Build.0 = PublishLocally|x64
		{9B36820D-781A-47FA-AEDB-20AC7433225D}.PublishLocally|x86.ActiveCfg = PublishLocally|x86
		{9B36820D-781A-47FA-AEDB-20AC7433225D}.PublishLocally|x86.Build.0 = PublishLocally|x86
		{9B36820D-781A-47FA-AEDB-20AC7433225D}.Release|Any CPU.ActiveCfg = Release|Any CPU
		{9B36820D-781A-47FA-AEDB-20AC7433225D}.Release|Any CPU.Build.0 = Release|Any CPU
		{9B36820D-781A-47FA-AEDB-20AC7433225D}.Release|x64.ActiveCfg = Release|x64
		{9B36820D-781A-47FA-AEDB-20AC7433225D}.Release|x64.Build.0 = Release|x64
		{9B36820D-781A-47FA-AEDB-20AC7433225D}.Release|x86.ActiveCfg = Release|x86
		{9B36820D-781A-47FA-AEDB-20AC7433225D}.Release|x86.Build.0 = Release|x86
		{6EBD3983-8BB0-4FD4-B1EC-04335D7AE962}.Debug|Any CPU.ActiveCfg = Debug|Any CPU
		{6EBD3983-8BB0-4FD4-B1EC-04335D7AE962}.Debug|Any CPU.Build.0 = Debug|Any CPU
		{6EBD3983-8BB0-4FD4-B1EC-04335D7AE962}.Debug|x64.ActiveCfg = Debug|Any CPU
		{6EBD3983-8BB0-4FD4-B1EC-04335D7AE962}.Debug|x64.Build.0 = Debug|Any CPU
		{6EBD3983-8BB0-4FD4-B1EC-04335D7AE962}.Debug|x86.ActiveCfg = Debug|Any CPU
		{6EBD3983-8BB0-4FD4-B1EC-04335D7AE962}.Debug|x86.Build.0 = Debug|Any CPU
		{6EBD3983-8BB0-4FD4-B1EC-04335D7AE962}.PublishLocally|Any CPU.ActiveCfg = Release|Any CPU
		{6EBD3983-8BB0-4FD4-B1EC-04335D7AE962}.PublishLocally|Any CPU.Build.0 = Release|Any CPU
		{6EBD3983-8BB0-4FD4-B1EC-04335D7AE962}.PublishLocally|x64.ActiveCfg = Release|Any CPU
		{6EBD3983-8BB0-4FD4-B1EC-04335D7AE962}.PublishLocally|x64.Build.0 = Release|Any CPU
		{6EBD3983-8BB0-4FD4-B1EC-04335D7AE962}.PublishLocally|x86.ActiveCfg = Release|Any CPU
		{6EBD3983-8BB0-4FD4-B1EC-04335D7AE962}.PublishLocally|x86.Build.0 = Release|Any CPU
		{6EBD3983-8BB0-4FD4-B1EC-04335D7AE962}.Release|Any CPU.ActiveCfg = Release|Any CPU
		{6EBD3983-8BB0-4FD4-B1EC-04335D7AE962}.Release|Any CPU.Build.0 = Release|Any CPU
		{6EBD3983-8BB0-4FD4-B1EC-04335D7AE962}.Release|x64.ActiveCfg = Release|x64
		{6EBD3983-8BB0-4FD4-B1EC-04335D7AE962}.Release|x64.Build.0 = Release|x64
		{6EBD3983-8BB0-4FD4-B1EC-04335D7AE962}.Release|x86.ActiveCfg = Release|Any CPU
		{6EBD3983-8BB0-4FD4-B1EC-04335D7AE962}.Release|x86.Build.0 = Release|Any CPU
		{329D0921-AC4C-430D-92CD-B387AE869764}.Debug|Any CPU.ActiveCfg = Debug|x64
		{329D0921-AC4C-430D-92CD-B387AE869764}.Debug|Any CPU.Build.0 = Debug|x64
		{329D0921-AC4C-430D-92CD-B387AE869764}.Debug|x64.ActiveCfg = Debug|x64
		{329D0921-AC4C-430D-92CD-B387AE869764}.Debug|x64.Build.0 = Debug|x64
		{329D0921-AC4C-430D-92CD-B387AE869764}.Debug|x86.ActiveCfg = Debug|Any CPU
		{329D0921-AC4C-430D-92CD-B387AE869764}.Debug|x86.Build.0 = Debug|Any CPU
		{329D0921-AC4C-430D-92CD-B387AE869764}.PublishLocally|Any CPU.ActiveCfg = Release|Any CPU
		{329D0921-AC4C-430D-92CD-B387AE869764}.PublishLocally|Any CPU.Build.0 = Release|Any CPU
		{329D0921-AC4C-430D-92CD-B387AE869764}.PublishLocally|x64.ActiveCfg = Release|x64
		{329D0921-AC4C-430D-92CD-B387AE869764}.PublishLocally|x64.Build.0 = Release|x64
		{329D0921-AC4C-430D-92CD-B387AE869764}.PublishLocally|x86.ActiveCfg = Release|Any CPU
		{329D0921-AC4C-430D-92CD-B387AE869764}.PublishLocally|x86.Build.0 = Release|Any CPU
		{329D0921-AC4C-430D-92CD-B387AE869764}.Release|Any CPU.ActiveCfg = Release|Any CPU
		{329D0921-AC4C-430D-92CD-B387AE869764}.Release|Any CPU.Build.0 = Release|Any CPU
		{329D0921-AC4C-430D-92CD-B387AE869764}.Release|x64.ActiveCfg = Release|x64
		{329D0921-AC4C-430D-92CD-B387AE869764}.Release|x64.Build.0 = Release|x64
		{329D0921-AC4C-430D-92CD-B387AE869764}.Release|x86.ActiveCfg = Release|Any CPU
		{329D0921-AC4C-430D-92CD-B387AE869764}.Release|x86.Build.0 = Release|Any CPU
		{928BED3F-4E80-4973-98CF-A593F708CB0B}.Debug|Any CPU.ActiveCfg = Debug|x64
		{928BED3F-4E80-4973-98CF-A593F708CB0B}.Debug|Any CPU.Build.0 = Debug|x64
		{928BED3F-4E80-4973-98CF-A593F708CB0B}.Debug|x64.ActiveCfg = Debug|x64
		{928BED3F-4E80-4973-98CF-A593F708CB0B}.Debug|x64.Build.0 = Debug|x64
		{928BED3F-4E80-4973-98CF-A593F708CB0B}.Debug|x86.ActiveCfg = Debug|Any CPU
		{928BED3F-4E80-4973-98CF-A593F708CB0B}.Debug|x86.Build.0 = Debug|Any CPU
		{928BED3F-4E80-4973-98CF-A593F708CB0B}.PublishLocally|Any CPU.ActiveCfg = Debug|Any CPU
		{928BED3F-4E80-4973-98CF-A593F708CB0B}.PublishLocally|Any CPU.Build.0 = Debug|Any CPU
		{928BED3F-4E80-4973-98CF-A593F708CB0B}.PublishLocally|x64.ActiveCfg = Debug|x64
		{928BED3F-4E80-4973-98CF-A593F708CB0B}.PublishLocally|x64.Build.0 = Debug|x64
		{928BED3F-4E80-4973-98CF-A593F708CB0B}.PublishLocally|x86.ActiveCfg = Debug|Any CPU
		{928BED3F-4E80-4973-98CF-A593F708CB0B}.PublishLocally|x86.Build.0 = Debug|Any CPU
		{928BED3F-4E80-4973-98CF-A593F708CB0B}.Release|Any CPU.ActiveCfg = Release|Any CPU
		{928BED3F-4E80-4973-98CF-A593F708CB0B}.Release|Any CPU.Build.0 = Release|Any CPU
		{928BED3F-4E80-4973-98CF-A593F708CB0B}.Release|x64.ActiveCfg = Release|x64
		{928BED3F-4E80-4973-98CF-A593F708CB0B}.Release|x64.Build.0 = Release|x64
		{928BED3F-4E80-4973-98CF-A593F708CB0B}.Release|x86.ActiveCfg = Release|Any CPU
		{928BED3F-4E80-4973-98CF-A593F708CB0B}.Release|x86.Build.0 = Release|Any CPU
		{76194E2F-D17E-42F6-8EF0-E084C408A022}.Debug|Any CPU.ActiveCfg = Debug|x64
		{76194E2F-D17E-42F6-8EF0-E084C408A022}.Debug|Any CPU.Build.0 = Debug|x64
		{76194E2F-D17E-42F6-8EF0-E084C408A022}.Debug|x64.ActiveCfg = Debug|x64
		{76194E2F-D17E-42F6-8EF0-E084C408A022}.Debug|x64.Build.0 = Debug|x64
		{76194E2F-D17E-42F6-8EF0-E084C408A022}.Debug|x86.ActiveCfg = Debug|Any CPU
		{76194E2F-D17E-42F6-8EF0-E084C408A022}.Debug|x86.Build.0 = Debug|Any CPU
		{76194E2F-D17E-42F6-8EF0-E084C408A022}.PublishLocally|Any CPU.ActiveCfg = Debug|Any CPU
		{76194E2F-D17E-42F6-8EF0-E084C408A022}.PublishLocally|Any CPU.Build.0 = Debug|Any CPU
		{76194E2F-D17E-42F6-8EF0-E084C408A022}.PublishLocally|x64.ActiveCfg = Debug|x64
		{76194E2F-D17E-42F6-8EF0-E084C408A022}.PublishLocally|x64.Build.0 = Debug|x64
		{76194E2F-D17E-42F6-8EF0-E084C408A022}.PublishLocally|x86.ActiveCfg = Debug|Any CPU
		{76194E2F-D17E-42F6-8EF0-E084C408A022}.PublishLocally|x86.Build.0 = Debug|Any CPU
		{76194E2F-D17E-42F6-8EF0-E084C408A022}.Release|Any CPU.ActiveCfg = Release|Any CPU
		{76194E2F-D17E-42F6-8EF0-E084C408A022}.Release|Any CPU.Build.0 = Release|Any CPU
		{76194E2F-D17E-42F6-8EF0-E084C408A022}.Release|x64.ActiveCfg = Release|x64
		{76194E2F-D17E-42F6-8EF0-E084C408A022}.Release|x64.Build.0 = Release|x64
		{76194E2F-D17E-42F6-8EF0-E084C408A022}.Release|x86.ActiveCfg = Release|Any CPU
		{76194E2F-D17E-42F6-8EF0-E084C408A022}.Release|x86.Build.0 = Release|Any CPU
		{9D658ABE-E015-4F3F-87F8-F290B12A2E1A}.Debug|Any CPU.ActiveCfg = Debug|Any CPU
		{9D658ABE-E015-4F3F-87F8-F290B12A2E1A}.Debug|Any CPU.Build.0 = Debug|Any CPU
		{9D658ABE-E015-4F3F-87F8-F290B12A2E1A}.Debug|x64.ActiveCfg = Debug|Any CPU
		{9D658ABE-E015-4F3F-87F8-F290B12A2E1A}.Debug|x64.Build.0 = Debug|Any CPU
		{9D658ABE-E015-4F3F-87F8-F290B12A2E1A}.Debug|x86.ActiveCfg = Debug|Any CPU
		{9D658ABE-E015-4F3F-87F8-F290B12A2E1A}.Debug|x86.Build.0 = Debug|Any CPU
		{9D658ABE-E015-4F3F-87F8-F290B12A2E1A}.PublishLocally|Any CPU.ActiveCfg = Debug|Any CPU
		{9D658ABE-E015-4F3F-87F8-F290B12A2E1A}.PublishLocally|Any CPU.Build.0 = Debug|Any CPU
		{9D658ABE-E015-4F3F-87F8-F290B12A2E1A}.PublishLocally|x64.ActiveCfg = Debug|Any CPU
		{9D658ABE-E015-4F3F-87F8-F290B12A2E1A}.PublishLocally|x64.Build.0 = Debug|Any CPU
		{9D658ABE-E015-4F3F-87F8-F290B12A2E1A}.PublishLocally|x86.ActiveCfg = Debug|Any CPU
		{9D658ABE-E015-4F3F-87F8-F290B12A2E1A}.PublishLocally|x86.Build.0 = Debug|Any CPU
		{9D658ABE-E015-4F3F-87F8-F290B12A2E1A}.Release|Any CPU.ActiveCfg = Release|Any CPU
		{9D658ABE-E015-4F3F-87F8-F290B12A2E1A}.Release|Any CPU.Build.0 = Release|Any CPU
		{9D658ABE-E015-4F3F-87F8-F290B12A2E1A}.Release|x64.ActiveCfg = Release|x64
		{9D658ABE-E015-4F3F-87F8-F290B12A2E1A}.Release|x64.Build.0 = Release|x64
		{9D658ABE-E015-4F3F-87F8-F290B12A2E1A}.Release|x86.ActiveCfg = Release|Any CPU
		{9D658ABE-E015-4F3F-87F8-F290B12A2E1A}.Release|x86.Build.0 = Release|Any CPU
		{11AF7AA5-6522-4952-A002-C464FA21384B}.Debug|Any CPU.ActiveCfg = Debug|Any CPU
		{11AF7AA5-6522-4952-A002-C464FA21384B}.Debug|Any CPU.Build.0 = Debug|Any CPU
		{11AF7AA5-6522-4952-A002-C464FA21384B}.Debug|x64.ActiveCfg = Debug|x64
		{11AF7AA5-6522-4952-A002-C464FA21384B}.Debug|x64.Build.0 = Debug|x64
		{11AF7AA5-6522-4952-A002-C464FA21384B}.Debug|x86.ActiveCfg = Debug|Any CPU
		{11AF7AA5-6522-4952-A002-C464FA21384B}.Debug|x86.Build.0 = Debug|Any CPU
		{11AF7AA5-6522-4952-A002-C464FA21384B}.PublishLocally|Any CPU.ActiveCfg = Debug|Any CPU
		{11AF7AA5-6522-4952-A002-C464FA21384B}.PublishLocally|Any CPU.Build.0 = Debug|Any CPU
		{11AF7AA5-6522-4952-A002-C464FA21384B}.PublishLocally|x64.ActiveCfg = Debug|x64
		{11AF7AA5-6522-4952-A002-C464FA21384B}.PublishLocally|x64.Build.0 = Debug|x64
		{11AF7AA5-6522-4952-A002-C464FA21384B}.PublishLocally|x86.ActiveCfg = Debug|Any CPU
		{11AF7AA5-6522-4952-A002-C464FA21384B}.PublishLocally|x86.Build.0 = Debug|Any CPU
		{11AF7AA5-6522-4952-A002-C464FA21384B}.Release|Any CPU.ActiveCfg = Release|Any CPU
		{11AF7AA5-6522-4952-A002-C464FA21384B}.Release|Any CPU.Build.0 = Release|Any CPU
		{11AF7AA5-6522-4952-A002-C464FA21384B}.Release|x64.ActiveCfg = Release|x64
		{11AF7AA5-6522-4952-A002-C464FA21384B}.Release|x64.Build.0 = Release|x64
		{11AF7AA5-6522-4952-A002-C464FA21384B}.Release|x86.ActiveCfg = Release|Any CPU
		{11AF7AA5-6522-4952-A002-C464FA21384B}.Release|x86.Build.0 = Release|Any CPU
		{5C799A2A-1F8C-4531-9F2C-9288662B6705}.Debug|Any CPU.ActiveCfg = Debug|Any CPU
		{5C799A2A-1F8C-4531-9F2C-9288662B6705}.Debug|Any CPU.Build.0 = Debug|Any CPU
		{5C799A2A-1F8C-4531-9F2C-9288662B6705}.Debug|x64.ActiveCfg = Debug|Any CPU
		{5C799A2A-1F8C-4531-9F2C-9288662B6705}.Debug|x64.Build.0 = Debug|Any CPU
		{5C799A2A-1F8C-4531-9F2C-9288662B6705}.Debug|x86.ActiveCfg = Debug|Any CPU
		{5C799A2A-1F8C-4531-9F2C-9288662B6705}.Debug|x86.Build.0 = Debug|Any CPU
		{5C799A2A-1F8C-4531-9F2C-9288662B6705}.PublishLocally|Any CPU.ActiveCfg = Debug|Any CPU
		{5C799A2A-1F8C-4531-9F2C-9288662B6705}.PublishLocally|Any CPU.Build.0 = Debug|Any CPU
		{5C799A2A-1F8C-4531-9F2C-9288662B6705}.PublishLocally|x64.ActiveCfg = Debug|Any CPU
		{5C799A2A-1F8C-4531-9F2C-9288662B6705}.PublishLocally|x64.Build.0 = Debug|Any CPU
		{5C799A2A-1F8C-4531-9F2C-9288662B6705}.PublishLocally|x86.ActiveCfg = Debug|Any CPU
		{5C799A2A-1F8C-4531-9F2C-9288662B6705}.PublishLocally|x86.Build.0 = Debug|Any CPU
		{5C799A2A-1F8C-4531-9F2C-9288662B6705}.Release|Any CPU.ActiveCfg = Release|Any CPU
		{5C799A2A-1F8C-4531-9F2C-9288662B6705}.Release|Any CPU.Build.0 = Release|Any CPU
		{5C799A2A-1F8C-4531-9F2C-9288662B6705}.Release|x64.ActiveCfg = Release|Any CPU
		{5C799A2A-1F8C-4531-9F2C-9288662B6705}.Release|x64.Build.0 = Release|Any CPU
		{5C799A2A-1F8C-4531-9F2C-9288662B6705}.Release|x86.ActiveCfg = Release|Any CPU
		{5C799A2A-1F8C-4531-9F2C-9288662B6705}.Release|x86.Build.0 = Release|Any CPU
	EndGlobalSection
	GlobalSection(SolutionProperties) = preSolution
		HideSolutionNode = FALSE
	EndGlobalSection
	GlobalSection(NestedProjects) = preSolution
		{9B36820D-781A-47FA-AEDB-20AC7433225D} = {B120F0DB-D7D6-4ABA-845B-32117EB4B1B2}
		{6EBD3983-8BB0-4FD4-B1EC-04335D7AE962} = {B120F0DB-D7D6-4ABA-845B-32117EB4B1B2}
		{329D0921-AC4C-430D-92CD-B387AE869764} = {B120F0DB-D7D6-4ABA-845B-32117EB4B1B2}
		{928BED3F-4E80-4973-98CF-A593F708CB0B} = {0307491D-B8FC-42AE-8EAB-69D2C072973B}
		{76194E2F-D17E-42F6-8EF0-E084C408A022} = {0307491D-B8FC-42AE-8EAB-69D2C072973B}
		{9D658ABE-E015-4F3F-87F8-F290B12A2E1A} = {0307491D-B8FC-42AE-8EAB-69D2C072973B}
		{11AF7AA5-6522-4952-A002-C464FA21384B} = {0307491D-B8FC-42AE-8EAB-69D2C072973B}
		{5C799A2A-1F8C-4531-9F2C-9288662B6705} = {0307491D-B8FC-42AE-8EAB-69D2C072973B}
	EndGlobalSection
	GlobalSection(ExtensibilityGlobals) = postSolution
		SolutionGuid = {C6692468-3D71-4CF6-BBB2-3E938FFB2E6F}
	EndGlobalSection
EndGlobal
