
Microsoft Visual Studio Solution File, Format Version 12.00
# Visual Studio Version 16
VisualStudioVersion = 16.0.29613.14
MinimumVisualStudioVersion = 10.0.40219.1
Project("{9A19103F-16F7-4668-BE54-9A1E7A4F7556}") = "GigeVision.Core", "GigeVision.Core\GigeVision.Core.csproj", "{9B36820D-781A-47FA-AEDB-20AC7433225D}"
	ProjectSection(ProjectDependencies) = postProject
		{509A2F02-8789-4641-8631-C957D38C1AC9} = {509A2F02-8789-4641-8631-C957D38C1AC9}
	EndProjectSection
EndProject
Project("{FAE04EC0-301F-11D3-BF4B-00C04F79EFBC}") = "GigeVision.CoreTests", "GigeVision.CoreTests\GigeVision.CoreTests.csproj", "{C3533B0D-55FD-4438-9894-F5D98D7DA0D3}"
EndProject
Project("{8BC9CEB8-8B4A-11D0-8D11-00A0C91BC942}") = "StreamRxCpp", "StreamRxCpp\StreamRxCpp.vcxproj", "{509A2F02-8789-4641-8631-C957D38C1AC9}"
EndProject
Project("{FAE04EC0-301F-11D3-BF4B-00C04F79EFBC}") = "GigeVisionLibrary.Test.Wpf", "GigeVisionLibrary.Test.Wpf\GigeVisionLibrary.Test.Wpf.csproj", "{97A76C11-AECE-4DA8-8014-6E463C21F2EF}"
EndProject
Project("{2150E333-8FDC-42A3-9474-1A3956D46DE8}") = "Test", "Test", "{0307491D-B8FC-42AE-8EAB-69D2C072973B}"
EndProject
Project("{2150E333-8FDC-42A3-9474-1A3956D46DE8}") = "Cpp", "Cpp", "{02238C23-09C5-4087-9989-F98A9CB5CBA5}"
EndProject
Project("{2150E333-8FDC-42A3-9474-1A3956D46DE8}") = "Library", "Library", "{B120F0DB-D7D6-4ABA-845B-32117EB4B1B2}"
EndProject
Project("{FAE04EC0-301F-11D3-BF4B-00C04F79EFBC}") = "GigeVisionLibraryNuget.Text.Wpf", "GigeVisionLibraryNuget.Text.Wpf\GigeVisionLibraryNuget.Text.Wpf.csproj", "{D66C9912-F614-4F53-980A-EE63BC3BDEA9}"
EndProject
Project("{9A19103F-16F7-4668-BE54-9A1E7A4F7556}") = "GigeVision.Wpf", "GigeVision.Wpf\GigeVision.Wpf.csproj", "{2D8579CF-9742-4D73-99A3-6F935AC8E9FA}"
EndProject
Project("{FAE04EC0-301F-11D3-BF4B-00C04F79EFBC}") = "GigeVision.WpfTests", "GigeVision.WpfTests\GigeVision.WpfTests.csproj", "{60740260-6D52-4F9A-AAB7-4076B349EEC0}"
EndProject
Global
	GlobalSection(SolutionConfigurationPlatforms) = preSolution
		Debug|Any CPU = Debug|Any CPU
		Debug|x64 = Debug|x64
		Debug|x86 = Debug|x86
		Release|Any CPU = Release|Any CPU
		Release|x64 = Release|x64
		Release|x86 = Release|x86
	EndGlobalSection
	GlobalSection(ProjectConfigurationPlatforms) = postSolution
		{9B36820D-781A-47FA-AEDB-20AC7433225D}.Debug|Any CPU.ActiveCfg = Debug|Any CPU
		{9B36820D-781A-47FA-AEDB-20AC7433225D}.Debug|Any CPU.Build.0 = Debug|Any CPU
		{9B36820D-781A-47FA-AEDB-20AC7433225D}.Debug|x64.ActiveCfg = Debug|x64
		{9B36820D-781A-47FA-AEDB-20AC7433225D}.Debug|x64.Build.0 = Debug|x64
		{9B36820D-781A-47FA-AEDB-20AC7433225D}.Debug|x86.ActiveCfg = Debug|Any CPU
		{9B36820D-781A-47FA-AEDB-20AC7433225D}.Debug|x86.Build.0 = Debug|Any CPU
		{9B36820D-781A-47FA-AEDB-20AC7433225D}.Release|Any CPU.ActiveCfg = Release|Any CPU
		{9B36820D-781A-47FA-AEDB-20AC7433225D}.Release|Any CPU.Build.0 = Release|Any CPU
		{9B36820D-781A-47FA-AEDB-20AC7433225D}.Release|x64.ActiveCfg = Release|x64
		{9B36820D-781A-47FA-AEDB-20AC7433225D}.Release|x64.Build.0 = Release|x64
		{9B36820D-781A-47FA-AEDB-20AC7433225D}.Release|x86.ActiveCfg = Release|x86
		{9B36820D-781A-47FA-AEDB-20AC7433225D}.Release|x86.Build.0 = Release|x86
		{C3533B0D-55FD-4438-9894-F5D98D7DA0D3}.Debug|Any CPU.ActiveCfg = Debug|Any CPU
		{C3533B0D-55FD-4438-9894-F5D98D7DA0D3}.Debug|Any CPU.Build.0 = Debug|Any CPU
		{C3533B0D-55FD-4438-9894-F5D98D7DA0D3}.Debug|x64.ActiveCfg = Debug|Any CPU
		{C3533B0D-55FD-4438-9894-F5D98D7DA0D3}.Debug|x64.Build.0 = Debug|Any CPU
		{C3533B0D-55FD-4438-9894-F5D98D7DA0D3}.Debug|x86.ActiveCfg = Debug|Any CPU
		{C3533B0D-55FD-4438-9894-F5D98D7DA0D3}.Debug|x86.Build.0 = Debug|Any CPU
		{C3533B0D-55FD-4438-9894-F5D98D7DA0D3}.Release|Any CPU.ActiveCfg = Release|Any CPU
		{C3533B0D-55FD-4438-9894-F5D98D7DA0D3}.Release|Any CPU.Build.0 = Release|Any CPU
		{C3533B0D-55FD-4438-9894-F5D98D7DA0D3}.Release|x64.ActiveCfg = Release|Any CPU
		{C3533B0D-55FD-4438-9894-F5D98D7DA0D3}.Release|x64.Build.0 = Release|Any CPU
		{C3533B0D-55FD-4438-9894-F5D98D7DA0D3}.Release|x86.ActiveCfg = Release|Any CPU
		{C3533B0D-55FD-4438-9894-F5D98D7DA0D3}.Release|x86.Build.0 = Release|Any CPU
		{509A2F02-8789-4641-8631-C957D38C1AC9}.Debug|Any CPU.ActiveCfg = Debug|Win32
		{509A2F02-8789-4641-8631-C957D38C1AC9}.Debug|Any CPU.Build.0 = Debug|Win32
		{509A2F02-8789-4641-8631-C957D38C1AC9}.Debug|x64.ActiveCfg = Debug|x64
		{509A2F02-8789-4641-8631-C957D38C1AC9}.Debug|x64.Build.0 = Debug|x64
		{509A2F02-8789-4641-8631-C957D38C1AC9}.Debug|x86.ActiveCfg = Debug|Win32
		{509A2F02-8789-4641-8631-C957D38C1AC9}.Debug|x86.Build.0 = Debug|Win32
		{509A2F02-8789-4641-8631-C957D38C1AC9}.Release|Any CPU.ActiveCfg = Release|Win32
		{509A2F02-8789-4641-8631-C957D38C1AC9}.Release|x64.ActiveCfg = Release|x64
		{509A2F02-8789-4641-8631-C957D38C1AC9}.Release|x64.Build.0 = Release|x64
		{509A2F02-8789-4641-8631-C957D38C1AC9}.Release|x86.ActiveCfg = Release|Win32
		{509A2F02-8789-4641-8631-C957D38C1AC9}.Release|x86.Build.0 = Release|Win32
		{97A76C11-AECE-4DA8-8014-6E463C21F2EF}.Debug|Any CPU.ActiveCfg = Debug|Any CPU
		{97A76C11-AECE-4DA8-8014-6E463C21F2EF}.Debug|Any CPU.Build.0 = Debug|Any CPU
		{97A76C11-AECE-4DA8-8014-6E463C21F2EF}.Debug|x64.ActiveCfg = Debug|x64
		{97A76C11-AECE-4DA8-8014-6E463C21F2EF}.Debug|x64.Build.0 = Debug|x64
		{97A76C11-AECE-4DA8-8014-6E463C21F2EF}.Debug|x86.ActiveCfg = Debug|Any CPU
		{97A76C11-AECE-4DA8-8014-6E463C21F2EF}.Debug|x86.Build.0 = Debug|Any CPU
		{97A76C11-AECE-4DA8-8014-6E463C21F2EF}.Release|Any CPU.ActiveCfg = Release|Any CPU
		{97A76C11-AECE-4DA8-8014-6E463C21F2EF}.Release|Any CPU.Build.0 = Release|Any CPU
		{97A76C11-AECE-4DA8-8014-6E463C21F2EF}.Release|x64.ActiveCfg = Release|x64
		{97A76C11-AECE-4DA8-8014-6E463C21F2EF}.Release|x64.Build.0 = Release|x64
		{97A76C11-AECE-4DA8-8014-6E463C21F2EF}.Release|x86.ActiveCfg = Release|x86
		{97A76C11-AECE-4DA8-8014-6E463C21F2EF}.Release|x86.Build.0 = Release|x86
		{D66C9912-F614-4F53-980A-EE63BC3BDEA9}.Debug|Any CPU.ActiveCfg = Debug|Any CPU
		{D66C9912-F614-4F53-980A-EE63BC3BDEA9}.Debug|Any CPU.Build.0 = Debug|Any CPU
		{D66C9912-F614-4F53-980A-EE63BC3BDEA9}.Debug|x64.ActiveCfg = Debug|x64
		{D66C9912-F614-4F53-980A-EE63BC3BDEA9}.Debug|x64.Build.0 = Debug|x64
		{D66C9912-F614-4F53-980A-EE63BC3BDEA9}.Debug|x86.ActiveCfg = Debug|Any CPU
		{D66C9912-F614-4F53-980A-EE63BC3BDEA9}.Debug|x86.Build.0 = Debug|Any CPU
		{D66C9912-F614-4F53-980A-EE63BC3BDEA9}.Release|Any CPU.ActiveCfg = Release|Any CPU
		{D66C9912-F614-4F53-980A-EE63BC3BDEA9}.Release|Any CPU.Build.0 = Release|Any CPU
		{D66C9912-F614-4F53-980A-EE63BC3BDEA9}.Release|x64.ActiveCfg = Release|x64
		{D66C9912-F614-4F53-980A-EE63BC3BDEA9}.Release|x64.Build.0 = Release|x64
		{D66C9912-F614-4F53-980A-EE63BC3BDEA9}.Release|x86.ActiveCfg = Release|x86
		{D66C9912-F614-4F53-980A-EE63BC3BDEA9}.Release|x86.Build.0 = Release|x86
		{2D8579CF-9742-4D73-99A3-6F935AC8E9FA}.Debug|Any CPU.ActiveCfg = Debug|Any CPU
		{2D8579CF-9742-4D73-99A3-6F935AC8E9FA}.Debug|Any CPU.Build.0 = Debug|Any CPU
		{2D8579CF-9742-4D73-99A3-6F935AC8E9FA}.Debug|x64.ActiveCfg = Debug|Any CPU
		{2D8579CF-9742-4D73-99A3-6F935AC8E9FA}.Debug|x64.Build.0 = Debug|Any CPU
		{2D8579CF-9742-4D73-99A3-6F935AC8E9FA}.Debug|x86.ActiveCfg = Debug|Any CPU
		{2D8579CF-9742-4D73-99A3-6F935AC8E9FA}.Debug|x86.Build.0 = Debug|Any CPU
		{2D8579CF-9742-4D73-99A3-6F935AC8E9FA}.Release|Any CPU.ActiveCfg = Release|Any CPU
		{2D8579CF-9742-4D73-99A3-6F935AC8E9FA}.Release|Any CPU.Build.0 = Release|Any CPU
		{2D8579CF-9742-4D73-99A3-6F935AC8E9FA}.Release|x64.ActiveCfg = Release|Any CPU
		{2D8579CF-9742-4D73-99A3-6F935AC8E9FA}.Release|x64.Build.0 = Release|Any CPU
		{2D8579CF-9742-4D73-99A3-6F935AC8E9FA}.Release|x86.ActiveCfg = Release|Any CPU
		{2D8579CF-9742-4D73-99A3-6F935AC8E9FA}.Release|x86.Build.0 = Release|Any CPU
		{60740260-6D52-4F9A-AAB7-4076B349EEC0}.Debug|Any CPU.ActiveCfg = Debug|Any CPU
		{60740260-6D52-4F9A-AAB7-4076B349EEC0}.Debug|Any CPU.Build.0 = Debug|Any CPU
		{60740260-6D52-4F9A-AAB7-4076B349EEC0}.Debug|x64.ActiveCfg = Debug|Any CPU
		{60740260-6D52-4F9A-AAB7-4076B349EEC0}.Debug|x64.Build.0 = Debug|Any CPU
		{60740260-6D52-4F9A-AAB7-4076B349EEC0}.Debug|x86.ActiveCfg = Debug|Any CPU
		{60740260-6D52-4F9A-AAB7-4076B349EEC0}.Debug|x86.Build.0 = Debug|Any CPU
		{60740260-6D52-4F9A-AAB7-4076B349EEC0}.Release|Any CPU.ActiveCfg = Release|Any CPU
		{60740260-6D52-4F9A-AAB7-4076B349EEC0}.Release|Any CPU.Build.0 = Release|Any CPU
		{60740260-6D52-4F9A-AAB7-4076B349EEC0}.Release|x64.ActiveCfg = Release|Any CPU
		{60740260-6D52-4F9A-AAB7-4076B349EEC0}.Release|x64.Build.0 = Release|Any CPU
		{60740260-6D52-4F9A-AAB7-4076B349EEC0}.Release|x86.ActiveCfg = Release|Any CPU
		{60740260-6D52-4F9A-AAB7-4076B349EEC0}.Release|x86.Build.0 = Release|Any CPU
	EndGlobalSection
	GlobalSection(SolutionProperties) = preSolution
		HideSolutionNode = FALSE
	EndGlobalSection
	GlobalSection(NestedProjects) = preSolution
		{9B36820D-781A-47FA-AEDB-20AC7433225D} = {B120F0DB-D7D6-4ABA-845B-32117EB4B1B2}
		{C3533B0D-55FD-4438-9894-F5D98D7DA0D3} = {0307491D-B8FC-42AE-8EAB-69D2C072973B}
		{509A2F02-8789-4641-8631-C957D38C1AC9} = {02238C23-09C5-4087-9989-F98A9CB5CBA5}
		{97A76C11-AECE-4DA8-8014-6E463C21F2EF} = {0307491D-B8FC-42AE-8EAB-69D2C072973B}
		{02238C23-09C5-4087-9989-F98A9CB5CBA5} = {B120F0DB-D7D6-4ABA-845B-32117EB4B1B2}
		{D66C9912-F614-4F53-980A-EE63BC3BDEA9} = {0307491D-B8FC-42AE-8EAB-69D2C072973B}
		{2D8579CF-9742-4D73-99A3-6F935AC8E9FA} = {B120F0DB-D7D6-4ABA-845B-32117EB4B1B2}
		{60740260-6D52-4F9A-AAB7-4076B349EEC0} = {0307491D-B8FC-42AE-8EAB-69D2C072973B}
	EndGlobalSection
	GlobalSection(ExtensibilityGlobals) = postSolution
		SolutionGuid = {C6692468-3D71-4CF6-BBB2-3E938FFB2E6F}
	EndGlobalSection
EndGlobal
