
Microsoft Visual Studio Solution File, Format Version 12.00
# Visual Studio Version 17
VisualStudioVersion = 17.0.31606.5
MinimumVisualStudioVersion = 10.0.40219.1
Project("{9A19103F-16F7-4668-BE54-9A1E7A4F7556}") = "GigeVision.Core", "GigeVision.Core\GigeVision.Core.csproj", "{9B36820D-781A-47FA-AEDB-20AC7433225D}"
EndProject
Project("{9A19103F-16F7-4668-BE54-9A1E7A4F7556}") = "GigeVision.CoreTests", "GigeVision.CoreTests\GigeVision.CoreTests.csproj", "{C3533B0D-55FD-4438-9894-F5D98D7DA0D3}"
EndProject
Project("{2150E333-8FDC-42A3-9474-1A3956D46DE8}") = "Test", "Test", "{0307491D-B8FC-42AE-8EAB-69D2C072973B}"
EndProject
Project("{2150E333-8FDC-42A3-9474-1A3956D46DE8}") = "Library", "Library", "{B120F0DB-D7D6-4ABA-845B-32117EB4B1B2}"
EndProject
Project("{FAE04EC0-301F-11D3-BF4B-00C04F79EFBC}") = "GigeVisionLibraryNuget.Text.Wpf", "GigeVisionLibraryNuget.Text.Wpf\GigeVisionLibraryNuget.Text.Wpf.csproj", "{D66C9912-F614-4F53-980A-EE63BC3BDEA9}"
EndProject
Project("{9A19103F-16F7-4668-BE54-9A1E7A4F7556}") = "GigeVision.WpfTests", "GigeVision.WpfTests\GigeVision.WpfTests.csproj", "{60740260-6D52-4F9A-AAB7-4076B349EEC0}"
EndProject
Project("{9A19103F-16F7-4668-BE54-9A1E7A4F7556}") = "DeviceControl.Wpf", "DeviceControl.Wpf\DeviceControl.Wpf.csproj", "{6EBD3983-8BB0-4FD4-B1EC-04335D7AE962}"
EndProject
Project("{9A19103F-16F7-4668-BE54-9A1E7A4F7556}") = "DeviceControl.Test.Wpf", "DeviceControl.Test.Wpf\DeviceControl.Test.Wpf.csproj", "{A36160A9-16E4-4CE7-9DB1-19D4807314CA}"
EndProject
Project("{9A19103F-16F7-4668-BE54-9A1E7A4F7556}") = "GenICam", "GenICam\GenICam.csproj", "{329D0921-AC4C-430D-92CD-B387AE869764}"
EndProject
Project("{9A19103F-16F7-4668-BE54-9A1E7A4F7556}") = "GenICamTests", "GenICamTests\GenICamTests.csproj", "{082A0F16-55F9-4520-8CF3-D48E5EBCAAEA}"
EndProject
Project("{FAE04EC0-301F-11D3-BF4B-00C04F79EFBC}") = "GigeVision.Core.WpfTest", "GigeVision.Core.WpfTest\GigeVision.Core.WpfTest.csproj", "{B5915F40-9851-4724-A1E3-38D563178324}"
EndProject
Project("{9A19103F-16F7-4668-BE54-9A1E7A4F7556}") = "GigeVisionLibrary.Test.Wpf", "GigeVisionLibrary.Test.Wpf\GigeVisionLibrary.Test.Wpf.csproj", "{928BED3F-4E80-4973-98CF-A593F708CB0B}"
EndProject
Global
	GlobalSection(SolutionConfigurationPlatforms) = preSolution
		Debug|Any CPU = Debug|Any CPU
		Debug|x64 = Debug|x64
		Debug|x86 = Debug|x86
		PublishLocally|Any CPU = PublishLocally|Any CPU
		PublishLocally|x64 = PublishLocally|x64
		PublishLocally|x86 = PublishLocally|x86
		Release|Any CPU = Release|Any CPU
		Release|x64 = Release|x64
		Release|x86 = Release|x86
	EndGlobalSection
	GlobalSection(ProjectConfigurationPlatforms) = postSolution
		{9B36820D-781A-47FA-AEDB-20AC7433225D}.Debug|Any CPU.ActiveCfg = Debug|Any CPU
		{9B36820D-781A-47FA-AEDB-20AC7433225D}.Debug|Any CPU.Build.0 = Debug|Any CPU
		{9B36820D-781A-47FA-AEDB-20AC7433225D}.Debug|x64.ActiveCfg = Debug|x64
		{9B36820D-781A-47FA-AEDB-20AC7433225D}.Debug|x64.Build.0 = Debug|x64
		{9B36820D-781A-47FA-AEDB-20AC7433225D}.Debug|x86.ActiveCfg = Debug|Any CPU
		{9B36820D-781A-47FA-AEDB-20AC7433225D}.Debug|x86.Build.0 = Debug|Any CPU
		{9B36820D-781A-47FA-AEDB-20AC7433225D}.PublishLocally|Any CPU.ActiveCfg = PublishLocally|Any CPU
		{9B36820D-781A-47FA-AEDB-20AC7433225D}.PublishLocally|Any CPU.Build.0 = PublishLocally|Any CPU
		{9B36820D-781A-47FA-AEDB-20AC7433225D}.PublishLocally|x64.ActiveCfg = PublishLocally|x64
		{9B36820D-781A-47FA-AEDB-20AC7433225D}.PublishLocally|x64.Build.0 = PublishLocally|x64
		{9B36820D-781A-47FA-AEDB-20AC7433225D}.PublishLocally|x86.ActiveCfg = PublishLocally|x86
		{9B36820D-781A-47FA-AEDB-20AC7433225D}.PublishLocally|x86.Build.0 = PublishLocally|x86
		{9B36820D-781A-47FA-AEDB-20AC7433225D}.Release|Any CPU.ActiveCfg = Release|Any CPU
		{9B36820D-781A-47FA-AEDB-20AC7433225D}.Release|Any CPU.Build.0 = Release|Any CPU
		{9B36820D-781A-47FA-AEDB-20AC7433225D}.Release|x64.ActiveCfg = Release|x64
		{9B36820D-781A-47FA-AEDB-20AC7433225D}.Release|x64.Build.0 = Release|x64
		{9B36820D-781A-47FA-AEDB-20AC7433225D}.Release|x86.ActiveCfg = Release|x86
		{9B36820D-781A-47FA-AEDB-20AC7433225D}.Release|x86.Build.0 = Release|x86
		{C3533B0D-55FD-4438-9894-F5D98D7DA0D3}.Debug|Any CPU.ActiveCfg = Debug|Any CPU
		{C3533B0D-55FD-4438-9894-F5D98D7DA0D3}.Debug|Any CPU.Build.0 = Debug|Any CPU
		{C3533B0D-55FD-4438-9894-F5D98D7DA0D3}.Debug|x64.ActiveCfg = Debug|Any CPU
		{C3533B0D-55FD-4438-9894-F5D98D7DA0D3}.Debug|x64.Build.0 = Debug|Any CPU
		{C3533B0D-55FD-4438-9894-F5D98D7DA0D3}.Debug|x86.ActiveCfg = Debug|Any CPU
		{C3533B0D-55FD-4438-9894-F5D98D7DA0D3}.Debug|x86.Build.0 = Debug|Any CPU
		{C3533B0D-55FD-4438-9894-F5D98D7DA0D3}.PublishLocally|Any CPU.ActiveCfg = Release|Any CPU
		{C3533B0D-55FD-4438-9894-F5D98D7DA0D3}.PublishLocally|x64.ActiveCfg = Release|Any CPU
		{C3533B0D-55FD-4438-9894-F5D98D7DA0D3}.PublishLocally|x86.ActiveCfg = Release|Any CPU
		{C3533B0D-55FD-4438-9894-F5D98D7DA0D3}.Release|Any CPU.ActiveCfg = Release|Any CPU
		{C3533B0D-55FD-4438-9894-F5D98D7DA0D3}.Release|Any CPU.Build.0 = Release|Any CPU
		{C3533B0D-55FD-4438-9894-F5D98D7DA0D3}.Release|x64.ActiveCfg = Release|Any CPU
		{C3533B0D-55FD-4438-9894-F5D98D7DA0D3}.Release|x64.Build.0 = Release|Any CPU
		{C3533B0D-55FD-4438-9894-F5D98D7DA0D3}.Release|x86.ActiveCfg = Release|Any CPU
		{C3533B0D-55FD-4438-9894-F5D98D7DA0D3}.Release|x86.Build.0 = Release|Any CPU
		{D66C9912-F614-4F53-980A-EE63BC3BDEA9}.Debug|Any CPU.ActiveCfg = Debug|Any CPU
		{D66C9912-F614-4F53-980A-EE63BC3BDEA9}.Debug|Any CPU.Build.0 = Debug|Any CPU
		{D66C9912-F614-4F53-980A-EE63BC3BDEA9}.Debug|x64.ActiveCfg = Debug|x64
		{D66C9912-F614-4F53-980A-EE63BC3BDEA9}.Debug|x64.Build.0 = Debug|x64
		{D66C9912-F614-4F53-980A-EE63BC3BDEA9}.Debug|x86.ActiveCfg = Debug|x86
		{D66C9912-F614-4F53-980A-EE63BC3BDEA9}.Debug|x86.Build.0 = Debug|x86
		{D66C9912-F614-4F53-980A-EE63BC3BDEA9}.PublishLocally|Any CPU.ActiveCfg = PublishLocally|Any CPU
		{D66C9912-F614-4F53-980A-EE63BC3BDEA9}.PublishLocally|Any CPU.Build.0 = PublishLocally|Any CPU
		{D66C9912-F614-4F53-980A-EE63BC3BDEA9}.PublishLocally|x64.ActiveCfg = PublishLocally|x64
		{D66C9912-F614-4F53-980A-EE63BC3BDEA9}.PublishLocally|x64.Build.0 = PublishLocally|x64
		{D66C9912-F614-4F53-980A-EE63BC3BDEA9}.PublishLocally|x86.ActiveCfg = PublishLocally|x86
		{D66C9912-F614-4F53-980A-EE63BC3BDEA9}.PublishLocally|x86.Build.0 = PublishLocally|x86
		{D66C9912-F614-4F53-980A-EE63BC3BDEA9}.Release|Any CPU.ActiveCfg = Release|Any CPU
		{D66C9912-F614-4F53-980A-EE63BC3BDEA9}.Release|Any CPU.Build.0 = Release|Any CPU
		{D66C9912-F614-4F53-980A-EE63BC3BDEA9}.Release|x64.ActiveCfg = Release|x64
		{D66C9912-F614-4F53-980A-EE63BC3BDEA9}.Release|x64.Build.0 = Release|x64
		{D66C9912-F614-4F53-980A-EE63BC3BDEA9}.Release|x86.ActiveCfg = Release|x86
		{D66C9912-F614-4F53-980A-EE63BC3BDEA9}.Release|x86.Build.0 = Release|x86
		{6EBD3983-8BB0-4FD4-B1EC-04335D7AE962}.Debug|Any CPU.ActiveCfg = Debug|Any CPU
		{6EBD3983-8BB0-4FD4-B1EC-04335D7AE962}.Debug|Any CPU.Build.0 = Debug|Any CPU
		{6EBD3983-8BB0-4FD4-B1EC-04335D7AE962}.Debug|x64.ActiveCfg = Debug|Any CPU
		{6EBD3983-8BB0-4FD4-B1EC-04335D7AE962}.Debug|x64.Build.0 = Debug|Any CPU
		{6EBD3983-8BB0-4FD4-B1EC-04335D7AE962}.Debug|x86.ActiveCfg = Debug|Any CPU
		{6EBD3983-8BB0-4FD4-B1EC-04335D7AE962}.Debug|x86.Build.0 = Debug|Any CPU
		{6EBD3983-8BB0-4FD4-B1EC-04335D7AE962}.PublishLocally|Any CPU.ActiveCfg = Release|Any CPU
		{6EBD3983-8BB0-4FD4-B1EC-04335D7AE962}.PublishLocally|Any CPU.Build.0 = Release|Any CPU
		{6EBD3983-8BB0-4FD4-B1EC-04335D7AE962}.PublishLocally|x64.ActiveCfg = Release|Any CPU
		{6EBD3983-8BB0-4FD4-B1EC-04335D7AE962}.PublishLocally|x64.Build.0 = Release|Any CPU
		{6EBD3983-8BB0-4FD4-B1EC-04335D7AE962}.PublishLocally|x86.ActiveCfg = Release|Any CPU
		{6EBD3983-8BB0-4FD4-B1EC-04335D7AE962}.PublishLocally|x86.Build.0 = Release|Any CPU
		{6EBD3983-8BB0-4FD4-B1EC-04335D7AE962}.Release|Any CPU.ActiveCfg = Release|Any CPU
		{6EBD3983-8BB0-4FD4-B1EC-04335D7AE962}.Release|Any CPU.Build.0 = Release|Any CPU
		{6EBD3983-8BB0-4FD4-B1EC-04335D7AE962}.Release|x64.ActiveCfg = Release|Any CPU
		{6EBD3983-8BB0-4FD4-B1EC-04335D7AE962}.Release|x64.Build.0 = Release|Any CPU
		{6EBD3983-8BB0-4FD4-B1EC-04335D7AE962}.Release|x86.ActiveCfg = Release|Any CPU
		{6EBD3983-8BB0-4FD4-B1EC-04335D7AE962}.Release|x86.Build.0 = Release|Any CPU
		{A36160A9-16E4-4CE7-9DB1-19D4807314CA}.Debug|Any CPU.ActiveCfg = Debug|Any CPU
		{A36160A9-16E4-4CE7-9DB1-19D4807314CA}.Debug|Any CPU.Build.0 = Debug|Any CPU
		{A36160A9-16E4-4CE7-9DB1-19D4807314CA}.Debug|x64.ActiveCfg = Debug|Any CPU
		{A36160A9-16E4-4CE7-9DB1-19D4807314CA}.Debug|x64.Build.0 = Debug|Any CPU
		{A36160A9-16E4-4CE7-9DB1-19D4807314CA}.Debug|x86.ActiveCfg = Debug|Any CPU
		{A36160A9-16E4-4CE7-9DB1-19D4807314CA}.Debug|x86.Build.0 = Debug|Any CPU
		{A36160A9-16E4-4CE7-9DB1-19D4807314CA}.PublishLocally|Any CPU.ActiveCfg = Release|Any CPU
		{A36160A9-16E4-4CE7-9DB1-19D4807314CA}.PublishLocally|Any CPU.Build.0 = Release|Any CPU
		{A36160A9-16E4-4CE7-9DB1-19D4807314CA}.PublishLocally|x64.ActiveCfg = Release|Any CPU
		{A36160A9-16E4-4CE7-9DB1-19D4807314CA}.PublishLocally|x64.Build.0 = Release|Any CPU
		{A36160A9-16E4-4CE7-9DB1-19D4807314CA}.PublishLocally|x86.ActiveCfg = Release|Any CPU
		{A36160A9-16E4-4CE7-9DB1-19D4807314CA}.PublishLocally|x86.Build.0 = Release|Any CPU
		{A36160A9-16E4-4CE7-9DB1-19D4807314CA}.Release|Any CPU.ActiveCfg = Release|Any CPU
		{A36160A9-16E4-4CE7-9DB1-19D4807314CA}.Release|Any CPU.Build.0 = Release|Any CPU
		{A36160A9-16E4-4CE7-9DB1-19D4807314CA}.Release|x64.ActiveCfg = Release|Any CPU
		{A36160A9-16E4-4CE7-9DB1-19D4807314CA}.Release|x64.Build.0 = Release|Any CPU
		{A36160A9-16E4-4CE7-9DB1-19D4807314CA}.Release|x86.ActiveCfg = Release|Any CPU
		{A36160A9-16E4-4CE7-9DB1-19D4807314CA}.Release|x86.Build.0 = Release|Any CPU
		{329D0921-AC4C-430D-92CD-B387AE869764}.Debug|Any CPU.ActiveCfg = Debug|Any CPU
		{329D0921-AC4C-430D-92CD-B387AE869764}.Debug|Any CPU.Build.0 = Debug|Any CPU
		{329D0921-AC4C-430D-92CD-B387AE869764}.Debug|x64.ActiveCfg = Debug|Any CPU
		{329D0921-AC4C-430D-92CD-B387AE869764}.Debug|x64.Build.0 = Debug|Any CPU
		{329D0921-AC4C-430D-92CD-B387AE869764}.Debug|x86.ActiveCfg = Debug|Any CPU
		{329D0921-AC4C-430D-92CD-B387AE869764}.Debug|x86.Build.0 = Debug|Any CPU
		{329D0921-AC4C-430D-92CD-B387AE869764}.PublishLocally|Any CPU.ActiveCfg = Release|Any CPU
		{329D0921-AC4C-430D-92CD-B387AE869764}.PublishLocally|Any CPU.Build.0 = Release|Any CPU
		{329D0921-AC4C-430D-92CD-B387AE869764}.PublishLocally|x64.ActiveCfg = Release|Any CPU
		{329D0921-AC4C-430D-92CD-B387AE869764}.PublishLocally|x64.Build.0 = Release|Any CPU
		{329D0921-AC4C-430D-92CD-B387AE869764}.PublishLocally|x86.ActiveCfg = Release|Any CPU
		{329D0921-AC4C-430D-92CD-B387AE869764}.PublishLocally|x86.Build.0 = Release|Any CPU
		{329D0921-AC4C-430D-92CD-B387AE869764}.Release|Any CPU.ActiveCfg = Release|Any CPU
		{329D0921-AC4C-430D-92CD-B387AE869764}.Release|Any CPU.Build.0 = Release|Any CPU
		{329D0921-AC4C-430D-92CD-B387AE869764}.Release|x64.ActiveCfg = Release|Any CPU
		{329D0921-AC4C-430D-92CD-B387AE869764}.Release|x64.Build.0 = Release|Any CPU
		{329D0921-AC4C-430D-92CD-B387AE869764}.Release|x86.ActiveCfg = Release|Any CPU
		{329D0921-AC4C-430D-92CD-B387AE869764}.Release|x86.Build.0 = Release|Any CPU
		{082A0F16-55F9-4520-8CF3-D48E5EBCAAEA}.Debug|Any CPU.ActiveCfg = Debug|Any CPU
		{082A0F16-55F9-4520-8CF3-D48E5EBCAAEA}.Debug|Any CPU.Build.0 = Debug|Any CPU
		{082A0F16-55F9-4520-8CF3-D48E5EBCAAEA}.Debug|x64.ActiveCfg = Debug|Any CPU
		{082A0F16-55F9-4520-8CF3-D48E5EBCAAEA}.Debug|x64.Build.0 = Debug|Any CPU
		{082A0F16-55F9-4520-8CF3-D48E5EBCAAEA}.Debug|x86.ActiveCfg = Debug|Any CPU
		{082A0F16-55F9-4520-8CF3-D48E5EBCAAEA}.Debug|x86.Build.0 = Debug|Any CPU
		{082A0F16-55F9-4520-8CF3-D48E5EBCAAEA}.PublishLocally|Any CPU.ActiveCfg = Release|Any CPU
		{082A0F16-55F9-4520-8CF3-D48E5EBCAAEA}.PublishLocally|Any CPU.Build.0 = Release|Any CPU
		{082A0F16-55F9-4520-8CF3-D48E5EBCAAEA}.PublishLocally|x64.ActiveCfg = Release|Any CPU
		{082A0F16-55F9-4520-8CF3-D48E5EBCAAEA}.PublishLocally|x64.Build.0 = Release|Any CPU
		{082A0F16-55F9-4520-8CF3-D48E5EBCAAEA}.PublishLocally|x86.ActiveCfg = Release|Any CPU
		{082A0F16-55F9-4520-8CF3-D48E5EBCAAEA}.PublishLocally|x86.Build.0 = Release|Any CPU
		{082A0F16-55F9-4520-8CF3-D48E5EBCAAEA}.Release|Any CPU.ActiveCfg = Release|Any CPU
		{082A0F16-55F9-4520-8CF3-D48E5EBCAAEA}.Release|Any CPU.Build.0 = Release|Any CPU
		{082A0F16-55F9-4520-8CF3-D48E5EBCAAEA}.Release|x64.ActiveCfg = Release|Any CPU
		{082A0F16-55F9-4520-8CF3-D48E5EBCAAEA}.Release|x64.Build.0 = Release|Any CPU
		{082A0F16-55F9-4520-8CF3-D48E5EBCAAEA}.Release|x86.ActiveCfg = Release|Any CPU
		{082A0F16-55F9-4520-8CF3-D48E5EBCAAEA}.Release|x86.Build.0 = Release|Any CPU
		{B5915F40-9851-4724-A1E3-38D563178324}.Debug|Any CPU.ActiveCfg = Debug|Any CPU
		{B5915F40-9851-4724-A1E3-38D563178324}.Debug|Any CPU.Build.0 = Debug|Any CPU
		{B5915F40-9851-4724-A1E3-38D563178324}.Debug|x64.ActiveCfg = Debug|Any CPU
		{B5915F40-9851-4724-A1E3-38D563178324}.Debug|x64.Build.0 = Debug|Any CPU
		{B5915F40-9851-4724-A1E3-38D563178324}.Debug|x86.ActiveCfg = Debug|Any CPU
		{B5915F40-9851-4724-A1E3-38D563178324}.Debug|x86.Build.0 = Debug|Any CPU
		{B5915F40-9851-4724-A1E3-38D563178324}.PublishLocally|Any CPU.ActiveCfg = Debug|Any CPU
		{B5915F40-9851-4724-A1E3-38D563178324}.PublishLocally|Any CPU.Build.0 = Debug|Any CPU
		{B5915F40-9851-4724-A1E3-38D563178324}.PublishLocally|x64.ActiveCfg = Debug|Any CPU
		{B5915F40-9851-4724-A1E3-38D563178324}.PublishLocally|x64.Build.0 = Debug|Any CPU
		{B5915F40-9851-4724-A1E3-38D563178324}.PublishLocally|x86.ActiveCfg = Debug|Any CPU
		{B5915F40-9851-4724-A1E3-38D563178324}.PublishLocally|x86.Build.0 = Debug|Any CPU
		{B5915F40-9851-4724-A1E3-38D563178324}.Release|Any CPU.ActiveCfg = Release|Any CPU
		{B5915F40-9851-4724-A1E3-38D563178324}.Release|Any CPU.Build.0 = Release|Any CPU
		{B5915F40-9851-4724-A1E3-38D563178324}.Release|x64.ActiveCfg = Release|Any CPU
		{B5915F40-9851-4724-A1E3-38D563178324}.Release|x64.Build.0 = Release|Any CPU
		{B5915F40-9851-4724-A1E3-38D563178324}.Release|x86.ActiveCfg = Release|Any CPU
		{B5915F40-9851-4724-A1E3-38D563178324}.Release|x86.Build.0 = Release|Any CPU
		{928BED3F-4E80-4973-98CF-A593F708CB0B}.Debug|Any CPU.ActiveCfg = Debug|Any CPU
		{928BED3F-4E80-4973-98CF-A593F708CB0B}.Debug|Any CPU.Build.0 = Debug|Any CPU
		{928BED3F-4E80-4973-98CF-A593F708CB0B}.Debug|x64.ActiveCfg = Debug|Any CPU
		{928BED3F-4E80-4973-98CF-A593F708CB0B}.Debug|x64.Build.0 = Debug|Any CPU
		{928BED3F-4E80-4973-98CF-A593F708CB0B}.Debug|x86.ActiveCfg = Debug|Any CPU
		{928BED3F-4E80-4973-98CF-A593F708CB0B}.Debug|x86.Build.0 = Debug|Any CPU
		{928BED3F-4E80-4973-98CF-A593F708CB0B}.PublishLocally|Any CPU.ActiveCfg = Debug|Any CPU
		{928BED3F-4E80-4973-98CF-A593F708CB0B}.PublishLocally|Any CPU.Build.0 = Debug|Any CPU
		{928BED3F-4E80-4973-98CF-A593F708CB0B}.PublishLocally|x64.ActiveCfg = Debug|Any CPU
		{928BED3F-4E80-4973-98CF-A593F708CB0B}.PublishLocally|x64.Build.0 = Debug|Any CPU
		{928BED3F-4E80-4973-98CF-A593F708CB0B}.PublishLocally|x86.ActiveCfg = Debug|Any CPU
		{928BED3F-4E80-4973-98CF-A593F708CB0B}.PublishLocally|x86.Build.0 = Debug|Any CPU
		{928BED3F-4E80-4973-98CF-A593F708CB0B}.Release|Any CPU.ActiveCfg = Release|Any CPU
		{928BED3F-4E80-4973-98CF-A593F708CB0B}.Release|Any CPU.Build.0 = Release|Any CPU
		{928BED3F-4E80-4973-98CF-A593F708CB0B}.Release|x64.ActiveCfg = Release|Any CPU
		{928BED3F-4E80-4973-98CF-A593F708CB0B}.Release|x64.Build.0 = Release|Any CPU
		{928BED3F-4E80-4973-98CF-A593F708CB0B}.Release|x86.ActiveCfg = Release|Any CPU
		{928BED3F-4E80-4973-98CF-A593F708CB0B}.Release|x86.Build.0 = Release|Any CPU
	EndGlobalSection
	GlobalSection(SolutionProperties) = preSolution
		HideSolutionNode = FALSE
	EndGlobalSection
	GlobalSection(NestedProjects) = preSolution
		{9B36820D-781A-47FA-AEDB-20AC7433225D} = {B120F0DB-D7D6-4ABA-845B-32117EB4B1B2}
		{C3533B0D-55FD-4438-9894-F5D98D7DA0D3} = {0307491D-B8FC-42AE-8EAB-69D2C072973B}
		{6EBD3983-8BB0-4FD4-B1EC-04335D7AE962} = {B120F0DB-D7D6-4ABA-845B-32117EB4B1B2}
		{A36160A9-16E4-4CE7-9DB1-19D4807314CA} = {0307491D-B8FC-42AE-8EAB-69D2C072973B}
		{329D0921-AC4C-430D-92CD-B387AE869764} = {B120F0DB-D7D6-4ABA-845B-32117EB4B1B2}
		{082A0F16-55F9-4520-8CF3-D48E5EBCAAEA} = {0307491D-B8FC-42AE-8EAB-69D2C072973B}
		{B5915F40-9851-4724-A1E3-38D563178324} = {0307491D-B8FC-42AE-8EAB-69D2C072973B}
		{928BED3F-4E80-4973-98CF-A593F708CB0B} = {0307491D-B8FC-42AE-8EAB-69D2C072973B}
	EndGlobalSection
	GlobalSection(ExtensibilityGlobals) = postSolution
		SolutionGuid = {C6692468-3D71-4CF6-BBB2-3E938FFB2E6F}
	EndGlobalSection
EndGlobal
